version: 1.0
shards:
  baked_file_system:
    github: schovi/baked_file_system
    version: 0.9.8

  crecto:
    github: crecto/crecto
    version: 0.10.1

  crecto-admin:
    github: jianghengle/crecto-admin
    commit: 7c3ad1ee7e72709e71d821fc528ad080a40f939b

  db:
    github: crystal-lang/crystal-db
    version: 0.5.1

  exception_page:
    github: crystal-loot/exception_page
    version: 0.1.1

  kemal:
    github: kemalcr/kemal
    version: 0.25.1

  kemal-basic-auth:
    github: kemalcr/kemal-basic-auth
    version: 0.2.0

  kemal-csrf:
    github: exploitd/kemal-csrf
    commit: eb713687cdb027f13a263cb58df51cf8fc0f9fab

  kemal-flash:
    github: neovintage/kemal-flash
    version: 0.1.0

  kemal-session:
    github: kemalcr/kemal-session
    version: 0.11.0

  kilt:
    github: jeromegn/kilt
    version: 0.4.0

  micrate:
    github: amberframework/micrate
    version: 0.3.3

  pg:
    github: will/crystal-pg
    version: 0.15.0

  radix:
    github: luislavena/radix
    version: 0.3.9

